{
  "name": "29-favourite-fruit",
  "lockfileVersion": 3,
  "requires": true,
  "packages": {
    "": {
      "devDependencies": {
        "@types/node": "^16.18.83",
        "typescript": "^5.5.0-dev.20240223"
      }
    },
    "node_modules/@types/node": {
      "version": "16.18.83",
      "resolved": "https://registry.npmjs.org/@types/node/-/node-16.18.83.tgz",
      "integrity": "sha512-TmBqzDY/GeCEmLob/31SunOQnqYE3ZiiuEh1U9o3HqE1E2cqKZQA5RQg4krEguCY3StnkXyDmCny75qyFLx/rA==",
      "dev": true
    },
    "node_modules/typescript": {
      "version": "5.5.0-dev.20240223",
      "resolved": "https://registry.npmjs.org/typescript/-/typescript-5.5.0-dev.20240223.tgz",
      "integrity": "sha512-5YqrvRjoUfyzQzxctN5Nan2HoGMhM76E6WCiZmAOSYXsQRU7G3NInX7oSHlEfxYK+9hwhuHdIqj8J9lS5j5mpw==",
      "dev": true,
      "bin": {
        "tsc": "bin/tsc",
        "tsserver": "bin/tsserver"
      },
      "engines": {
        "node": ">=14.17"
      }
    }
  }
}
